
Microsoft Visual Studio Solution File, Format Version 12.00
Project("{FAE04EC0-301F-11D3-BF4B-00C04F79EFBC}") = "DeusaldSharp", "DeusaldSharp\DeusaldSharp.csproj", "{1B3BFBE0-9171-4569-AB63-0C6ED0BC93C9}"
EndProject
Project("{FAE04EC0-301F-11D3-BF4B-00C04F79EFBC}") = "DeusaldSharpTests", "DeusaldSharpTests\DeusaldSharpTests.csproj", "{6E055025-E3D0-462A-927A-4DDB21002D33}"
EndProject
Project("{FAE04EC0-301F-11D3-BF4B-00C04F79EFBC}") = "VersionBumper", "VersionBumper\VersionBumper.csproj", "{E7514FE1-51E6-405A-AB4B-E5E327A1CC0B}"
EndProject
Project("{FAE04EC0-301F-11D3-BF4B-00C04F79EFBC}") = "DeusaldSharp.Analyzers", "DeusaldSharp.Analyzers\DeusaldSharp.Analyzers\DeusaldSharp.Analyzers.csproj", "{CF62BE40-8E8C-4BC8-A3B7-FFAB6B73E715}"
EndProject
Project("{FAE04EC0-301F-11D3-BF4B-00C04F79EFBC}") = "DeusaldSharp.Analyzers.Tests", "DeusaldSharp.Analyzers\DeusaldSharp.Analyzers.Tests\DeusaldSharp.Analyzers.Tests.csproj", "{52B07862-492F-410B-AB66-87E82F1A59CB}"
EndProject
Global
	GlobalSection(SolutionConfigurationPlatforms) = preSolution
		Debug|Any CPU = Debug|Any CPU
		Release|Any CPU = Release|Any CPU
	EndGlobalSection
	GlobalSection(ProjectConfigurationPlatforms) = postSolution
		{1B3BFBE0-9171-4569-AB63-0C6ED0BC93C9}.Debug|Any CPU.ActiveCfg = Debug|Any CPU
		{1B3BFBE0-9171-4569-AB63-0C6ED0BC93C9}.Debug|Any CPU.Build.0 = Debug|Any CPU
		{1B3BFBE0-9171-4569-AB63-0C6ED0BC93C9}.Release|Any CPU.ActiveCfg = Release|Any CPU
		{1B3BFBE0-9171-4569-AB63-0C6ED0BC93C9}.Release|Any CPU.Build.0 = Release|Any CPU
		{6E055025-E3D0-462A-927A-4DDB21002D33}.Debug|Any CPU.ActiveCfg = Debug|Any CPU
		{6E055025-E3D0-462A-927A-4DDB21002D33}.Debug|Any CPU.Build.0 = Debug|Any CPU
		{6E055025-E3D0-462A-927A-4DDB21002D33}.Release|Any CPU.ActiveCfg = Release|Any CPU
		{6E055025-E3D0-462A-927A-4DDB21002D33}.Release|Any CPU.Build.0 = Release|Any CPU
		{E7514FE1-51E6-405A-AB4B-E5E327A1CC0B}.Debug|Any CPU.ActiveCfg = Debug|Any CPU
		{E7514FE1-51E6-405A-AB4B-E5E327A1CC0B}.Debug|Any CPU.Build.0 = Debug|Any CPU
		{E7514FE1-51E6-405A-AB4B-E5E327A1CC0B}.Release|Any CPU.ActiveCfg = Release|Any CPU
		{E7514FE1-51E6-405A-AB4B-E5E327A1CC0B}.Release|Any CPU.Build.0 = Release|Any CPU
		{CF62BE40-8E8C-4BC8-A3B7-FFAB6B73E715}.Debug|Any CPU.ActiveCfg = Debug|Any CPU
		{CF62BE40-8E8C-4BC8-A3B7-FFAB6B73E715}.Debug|Any CPU.Build.0 = Debug|Any CPU
		{CF62BE40-8E8C-4BC8-A3B7-FFAB6B73E715}.Release|Any CPU.ActiveCfg = Release|Any CPU
		{CF62BE40-8E8C-4BC8-A3B7-FFAB6B73E715}.Release|Any CPU.Build.0 = Release|Any CPU
		{52B07862-492F-410B-AB66-87E82F1A59CB}.Debug|Any CPU.ActiveCfg = Debug|Any CPU
		{52B07862-492F-410B-AB66-87E82F1A59CB}.Debug|Any CPU.Build.0 = Debug|Any CPU
		{52B07862-492F-410B-AB66-87E82F1A59CB}.Release|Any CPU.ActiveCfg = Release|Any CPU
		{52B07862-492F-410B-AB66-87E82F1A59CB}.Release|Any CPU.Build.0 = Release|Any CPU
	EndGlobalSection
EndGlobal
